
Microsoft Visual Studio Solution File, Format Version 12.00
# Visual Studio Version 17
VisualStudioVersion = 17.2.32630.192
MinimumVisualStudioVersion = 10.0.40219.1
Project("{FAE04EC0-301F-11D3-BF4B-00C04F79EFBC}") = "QuotesApp", "QuotesApp.csproj", "{D0BD1F8F-247D-44FE-93B0-107C6A7B6183}"
EndProject
Global
	GlobalSection(SolutionConfigurationPlatforms) = preSolution
		Debug|Any CPU = Debug|Any CPU
		Release|Any CPU = Release|Any CPU
	EndGlobalSection
	GlobalSection(ProjectConfigurationPlatforms) = postSolution
		{D0BD1F8F-247D-44FE-93B0-107C6A7B6183}.Debug|Any CPU.ActiveCfg = Debug|Any CPU
		{D0BD1F8F-247D-44FE-93B0-107C6A7B6183}.Debug|Any CPU.Build.0 = Debug|Any CPU
		{D0BD1F8F-247D-44FE-93B0-107C6A7B6183}.Release|Any CPU.ActiveCfg = Release|Any CPU
		{D0BD1F8F-247D-44FE-93B0-107C6A7B6183}.Release|Any CPU.Build.0 = Release|Any CPU
	EndGlobalSection
	GlobalSection(SolutionProperties) = preSolution
		HideSolutionNode = FALSE
	EndGlobalSection
	GlobalSection(ExtensibilityGlobals) = postSolution
		SolutionGuid = {20F1881E-B054-4B8C-8B54-B9A7BD44588C}
	EndGlobalSection
EndGlobal
